
Microsoft Visual Studio Solution File, Format Version 12.00
# Visual Studio Version 17
VisualStudioVersion = 17.1.32319.34
MinimumVisualStudioVersion = 10.0.40219.1
Project("{8BC9CEB8-8B4A-11D0-8D11-00A0C91BC942}") = "PSiZ_Z4", "PSiZ_Z4\PSiZ_Z4.vcxproj", "{C321D6D3-1737-4010-941F-F9B32F2F5159}"
EndProject
Global
	GlobalSection(SolutionConfigurationPlatforms) = preSolution
		Debug|x64 = Debug|x64
		Debug|x86 = Debug|x86
		Release|x64 = Release|x64
		Release|x86 = Release|x86
	EndGlobalSection
	GlobalSection(ProjectConfigurationPlatforms) = postSolution
		{C321D6D3-1737-4010-941F-F9B32F2F5159}.Debug|x64.ActiveCfg = Debug|x64
		{C321D6D3-1737-4010-941F-F9B32F2F5159}.Debug|x64.Build.0 = Debug|x64
		{C321D6D3-1737-4010-941F-F9B32F2F5159}.Debug|x86.ActiveCfg = Debug|Win32
		{C321D6D3-1737-4010-941F-F9B32F2F5159}.Debug|x86.Build.0 = Debug|Win32
		{C321D6D3-1737-4010-941F-F9B32F2F5159}.Release|x64.ActiveCfg = Release|x64
		{C321D6D3-1737-4010-941F-F9B32F2F5159}.Release|x64.Build.0 = Release|x64
		{C321D6D3-1737-4010-941F-F9B32F2F5159}.Release|x86.ActiveCfg = Release|Win32
		{C321D6D3-1737-4010-941F-F9B32F2F5159}.Release|x86.Build.0 = Release|Win32
	EndGlobalSection
	GlobalSection(SolutionProperties) = preSolution
		HideSolutionNode = FALSE
	EndGlobalSection
	GlobalSection(ExtensibilityGlobals) = postSolution
		SolutionGuid = {D89F63E2-5FB9-409B-A961-D4741AAF5F29}
	EndGlobalSection
EndGlobal
